// !$*UTF8*$!
{
	archiveVersion = 1;
	classes = {
	};
	objectVersion = 48;
	objects = {

/* Begin PBXBuildFile section */
		B0A97DEB200181DD005EB4D1 /* AppDelegate.swift in Sources */ = {isa = PBXBuildFile; fileRef = B0A97DEA200181DD005EB4D1 /* AppDelegate.swift */; };
		B0A97DED200181DD005EB4D1 /* ViewController.swift in Sources */ = {isa = PBXBuildFile; fileRef = B0A97DEC200181DD005EB4D1 /* ViewController.swift */; };
		B0A97DF0200181DD005EB4D1 /* Main.storyboard in Resources */ = {isa = PBXBuildFile; fileRef = B0A97DEE200181DD005EB4D1 /* Main.storyboard */; };
		B0A97DF2200181DD005EB4D1 /* Assets.xcassets in Resources */ = {isa = PBXBuildFile; fileRef = B0A97DF1200181DD005EB4D1 /* Assets.xcassets */; };
		B0A97DF5200181DD005EB4D1 /* LaunchScreen.storyboard in Resources */ = {isa = PBXBuildFile; fileRef = B0A97DF3200181DD005EB4D1 /* LaunchScreen.storyboard */; };
		B0A97E00200181DD005EB4D1 /* TAXiTests.swift in Sources */ = {isa = PBXBuildFile; fileRef = B0A97DFF200181DD005EB4D1 /* TAXiTests.swift */; };
		B0A97E0B200181DD005EB4D1 /* TAXiUITests.swift in Sources */ = {isa = PBXBuildFile; fileRef = B0A97E0A200181DD005EB4D1 /* TAXiUITests.swift */; };
		B0A97E192002F13B005EB4D1 /* SettingsViewController.swift in Sources */ = {isa = PBXBuildFile; fileRef = B0A97E182002F13B005EB4D1 /* SettingsViewController.swift */; };
/* End PBXBuildFile section */

/* Begin PBXContainerItemProxy section */
		B0A97DFC200181DD005EB4D1 /* PBXContainerItemProxy */ = {
			isa = PBXContainerItemProxy;
			containerPortal = B0A97DDF200181DD005EB4D1 /* Project object */;
			proxyType = 1;
			remoteGlobalIDString = B0A97DE6200181DD005EB4D1;
			remoteInfo = TAXi;
		};
		B0A97E07200181DD005EB4D1 /* PBXContainerItemProxy */ = {
			isa = PBXContainerItemProxy;
			containerPortal = B0A97DDF200181DD005EB4D1 /* Project object */;
			proxyType = 1;
			remoteGlobalIDString = B0A97DE6200181DD005EB4D1;
			remoteInfo = TAXi;
		};
/* End PBXContainerItemProxy section */

/* Begin PBXFileReference section */
		B0A97DE7200181DD005EB4D1 /* piTts.app */ = {isa = PBXFileReference; explicitFileType = wrapper.application; includeInIndex = 0; path = piTts.app; sourceTree = BUILT_PRODUCTS_DIR; };
		B0A97DEA200181DD005EB4D1 /* AppDelegate.swift */ = {isa = PBXFileReference; lastKnownFileType = sourcecode.swift; path = AppDelegate.swift; sourceTree = "<group>"; };
		B0A97DEC200181DD005EB4D1 /* ViewController.swift */ = {isa = PBXFileReference; lastKnownFileType = sourcecode.swift; path = ViewController.swift; sourceTree = "<group>"; };
		B0A97DEF200181DD005EB4D1 /* Base */ = {isa = PBXFileReference; lastKnownFileType = file.storyboard; name = Base; path = Base.lproj/Main.storyboard; sourceTree = "<group>"; };
		B0A97DF1200181DD005EB4D1 /* Assets.xcassets */ = {isa = PBXFileReference; lastKnownFileType = folder.assetcatalog; path = Assets.xcassets; sourceTree = "<group>"; };
		B0A97DF4200181DD005EB4D1 /* Base */ = {isa = PBXFileReference; lastKnownFileType = file.storyboard; name = Base; path = Base.lproj/LaunchScreen.storyboard; sourceTree = "<group>"; };
		B0A97DF6200181DD005EB4D1 /* Info.plist */ = {isa = PBXFileReference; lastKnownFileType = text.plist.xml; path = Info.plist; sourceTree = "<group>"; };
		B0A97DFB200181DD005EB4D1 /* piTtsTests.xctest */ = {isa = PBXFileReference; explicitFileType = wrapper.cfbundle; includeInIndex = 0; path = piTtsTests.xctest; sourceTree = BUILT_PRODUCTS_DIR; };
		B0A97DFF200181DD005EB4D1 /* TAXiTests.swift */ = {isa = PBXFileReference; lastKnownFileType = sourcecode.swift; path = TAXiTests.swift; sourceTree = "<group>"; };
		B0A97E01200181DD005EB4D1 /* Info.plist */ = {isa = PBXFileReference; lastKnownFileType = text.plist.xml; path = Info.plist; sourceTree = "<group>"; };
		B0A97E06200181DD005EB4D1 /* piTtsUITests.xctest */ = {isa = PBXFileReference; explicitFileType = wrapper.cfbundle; includeInIndex = 0; path = piTtsUITests.xctest; sourceTree = BUILT_PRODUCTS_DIR; };
		B0A97E0A200181DD005EB4D1 /* TAXiUITests.swift */ = {isa = PBXFileReference; lastKnownFileType = sourcecode.swift; path = TAXiUITests.swift; sourceTree = "<group>"; };
		B0A97E0C200181DD005EB4D1 /* Info.plist */ = {isa = PBXFileReference; lastKnownFileType = text.plist.xml; path = Info.plist; sourceTree = "<group>"; };
		B0A97E182002F13B005EB4D1 /* SettingsViewController.swift */ = {isa = PBXFileReference; lastKnownFileType = sourcecode.swift; path = SettingsViewController.swift; sourceTree = "<group>"; };
/* End PBXFileReference section */

/* Begin PBXFrameworksBuildPhase section */
		B0A97DE4200181DD005EB4D1 /* Frameworks */ = {
			isa = PBXFrameworksBuildPhase;
			buildActionMask = 2147483647;
			files = (
			);
			runOnlyForDeploymentPostprocessing = 0;
		};
		B0A97DF8200181DD005EB4D1 /* Frameworks */ = {
			isa = PBXFrameworksBuildPhase;
			buildActionMask = 2147483647;
			files = (
			);
			runOnlyForDeploymentPostprocessing = 0;
		};
		B0A97E03200181DD005EB4D1 /* Frameworks */ = {
			isa = PBXFrameworksBuildPhase;
			buildActionMask = 2147483647;
			files = (
			);
			runOnlyForDeploymentPostprocessing = 0;
		};
/* End PBXFrameworksBuildPhase section */

/* Begin PBXGroup section */
		B0A97DDE200181DD005EB4D1 = {
			isa = PBXGroup;
			children = (
				B0A97DE9200181DD005EB4D1 /* TAXi */,
				B0A97DFE200181DD005EB4D1 /* TAXiTests */,
				B0A97E09200181DD005EB4D1 /* TAXiUITests */,
				B0A97DE8200181DD005EB4D1 /* Products */,
			);
			sourceTree = "<group>";
		};
		B0A97DE8200181DD005EB4D1 /* Products */ = {
			isa = PBXGroup;
			children = (
				B0A97DE7200181DD005EB4D1 /* piTts.app */,
				B0A97DFB200181DD005EB4D1 /* piTtsTests.xctest */,
				B0A97E06200181DD005EB4D1 /* piTtsUITests.xctest */,
			);
			name = Products;
			sourceTree = "<group>";
		};
		B0A97DE9200181DD005EB4D1 /* TAXi */ = {
			isa = PBXGroup;
			children = (
				B0A97E182002F13B005EB4D1 /* SettingsViewController.swift */,
				B0A97DEA200181DD005EB4D1 /* AppDelegate.swift */,
				B0A97DEC200181DD005EB4D1 /* ViewController.swift */,
				B0A97DEE200181DD005EB4D1 /* Main.storyboard */,
				B0A97DF1200181DD005EB4D1 /* Assets.xcassets */,
				B0A97DF3200181DD005EB4D1 /* LaunchScreen.storyboard */,
				B0A97DF6200181DD005EB4D1 /* Info.plist */,
			);
			path = TAXi;
			sourceTree = "<group>";
		};
		B0A97DFE200181DD005EB4D1 /* TAXiTests */ = {
			isa = PBXGroup;
			children = (
				B0A97DFF200181DD005EB4D1 /* TAXiTests.swift */,
				B0A97E01200181DD005EB4D1 /* Info.plist */,
			);
			path = TAXiTests;
			sourceTree = "<group>";
		};
		B0A97E09200181DD005EB4D1 /* TAXiUITests */ = {
			isa = PBXGroup;
			children = (
				B0A97E0A200181DD005EB4D1 /* TAXiUITests.swift */,
				B0A97E0C200181DD005EB4D1 /* Info.plist */,
			);
			path = TAXiUITests;
			sourceTree = "<group>";
		};
/* End PBXGroup section */

/* Begin PBXNativeTarget section */
		B0A97DE6200181DD005EB4D1 /* piTts */ = {
			isa = PBXNativeTarget;
			buildConfigurationList = B0A97E0F200181DD005EB4D1 /* Build configuration list for PBXNativeTarget "piTts" */;
			buildPhases = (
				B0A97DE3200181DD005EB4D1 /* Sources */,
				B0A97DE4200181DD005EB4D1 /* Frameworks */,
				B0A97DE5200181DD005EB4D1 /* Resources */,
			);
			buildRules = (
			);
			dependencies = (
			);
			name = piTts;
			productName = TAXi;
			productReference = B0A97DE7200181DD005EB4D1 /* piTts.app */;
			productType = "com.apple.product-type.application";
		};
		B0A97DFA200181DD005EB4D1 /* piTtsTests */ = {
			isa = PBXNativeTarget;
			buildConfigurationList = B0A97E12200181DD005EB4D1 /* Build configuration list for PBXNativeTarget "piTtsTests" */;
			buildPhases = (
				B0A97DF7200181DD005EB4D1 /* Sources */,
				B0A97DF8200181DD005EB4D1 /* Frameworks */,
				B0A97DF9200181DD005EB4D1 /* Resources */,
			);
			buildRules = (
			);
			dependencies = (
				B0A97DFD200181DD005EB4D1 /* PBXTargetDependency */,
			);
			name = piTtsTests;
			productName = TAXiTests;
			productReference = B0A97DFB200181DD005EB4D1 /* piTtsTests.xctest */;
			productType = "com.apple.product-type.bundle.unit-test";
		};
		B0A97E05200181DD005EB4D1 /* piTtsUITests */ = {
			isa = PBXNativeTarget;
			buildConfigurationList = B0A97E15200181DD005EB4D1 /* Build configuration list for PBXNativeTarget "piTtsUITests" */;
			buildPhases = (
				B0A97E02200181DD005EB4D1 /* Sources */,
				B0A97E03200181DD005EB4D1 /* Frameworks */,
				B0A97E04200181DD005EB4D1 /* Resources */,
			);
			buildRules = (
			);
			dependencies = (
				B0A97E08200181DD005EB4D1 /* PBXTargetDependency */,
			);
			name = piTtsUITests;
			productName = TAXiUITests;
			productReference = B0A97E06200181DD005EB4D1 /* piTtsUITests.xctest */;
			productType = "com.apple.product-type.bundle.ui-testing";
		};
/* End PBXNativeTarget section */

/* Begin PBXProject section */
		B0A97DDF200181DD005EB4D1 /* Project object */ = {
			isa = PBXProject;
			attributes = {
				LastSwiftUpdateCheck = 0920;
				LastUpgradeCheck = 0920;
				ORGANIZATIONNAME = "Langtian Qin";
				TargetAttributes = {
					B0A97DE6200181DD005EB4D1 = {
						CreatedOnToolsVersion = 9.2;
						ProvisioningStyle = Automatic;
					};
					B0A97DFA200181DD005EB4D1 = {
						CreatedOnToolsVersion = 9.2;
						ProvisioningStyle = Automatic;
						TestTargetID = B0A97DE6200181DD005EB4D1;
					};
					B0A97E05200181DD005EB4D1 = {
						CreatedOnToolsVersion = 9.2;
						ProvisioningStyle = Automatic;
						TestTargetID = B0A97DE6200181DD005EB4D1;
					};
				};
			};
			buildConfigurationList = B0A97DE2200181DD005EB4D1 /* Build configuration list for PBXProject "piTts" */;
			compatibilityVersion = "Xcode 8.0";
			developmentRegion = en;
			hasScannedForEncodings = 0;
			knownRegions = (
				en,
				Base,
			);
			mainGroup = B0A97DDE200181DD005EB4D1;
			productRefGroup = B0A97DE8200181DD005EB4D1 /* Products */;
			projectDirPath = "";
			projectRoot = "";
			targets = (
				B0A97DE6200181DD005EB4D1 /* piTts */,
				B0A97DFA200181DD005EB4D1 /* piTtsTests */,
				B0A97E05200181DD005EB4D1 /* piTtsUITests */,
			);
		};
/* End PBXProject section */

/* Begin PBXResourcesBuildPhase section */
		B0A97DE5200181DD005EB4D1 /* Resources */ = {
			isa = PBXResourcesBuildPhase;
			buildActionMask = 2147483647;
			files = (
				B0A97DF5200181DD005EB4D1 /* LaunchScreen.storyboard in Resources */,
				B0A97DF2200181DD005EB4D1 /* Assets.xcassets in Resources */,
				B0A97DF0200181DD005EB4D1 /* Main.storyboard in Resources */,
			);
			runOnlyForDeploymentPostprocessing = 0;
		};
		B0A97DF9200181DD005EB4D1 /* Resources */ = {
			isa = PBXResourcesBuildPhase;
			buildActionMask = 2147483647;
			files = (
			);
			runOnlyForDeploymentPostprocessing = 0;
		};
		B0A97E04200181DD005EB4D1 /* Resources */ = {
			isa = PBXResourcesBuildPhase;
			buildActionMask = 2147483647;
			files = (
			);
			runOnlyForDeploymentPostprocessing = 0;
		};
/* End PBXResourcesBuildPhase section */

/* Begin PBXSourcesBuildPhase section */
		B0A97DE3200181DD005EB4D1 /* Sources */ = {
			isa = PBXSourcesBuildPhase;
			buildActionMask = 2147483647;
			files = (
				B0A97DED200181DD005EB4D1 /* ViewController.swift in Sources */,
				B0A97DEB200181DD005EB4D1 /* AppDelegate.swift in Sources */,
				B0A97E192002F13B005EB4D1 /* SettingsViewController.swift in Sources */,
			);
			runOnlyForDeploymentPostprocessing = 0;
		};
		B0A97DF7200181DD005EB4D1 /* Sources */ = {
			isa = PBXSourcesBuildPhase;
			buildActionMask = 2147483647;
			files = (
				B0A97E00200181DD005EB4D1 /* TAXiTests.swift in Sources */,
			);
			runOnlyForDeploymentPostprocessing = 0;
		};
		B0A97E02200181DD005EB4D1 /* Sources */ = {
			isa = PBXSourcesBuildPhase;
			buildActionMask = 2147483647;
			files = (
				B0A97E0B200181DD005EB4D1 /* TAXiUITests.swift in Sources */,
			);
			runOnlyForDeploymentPostprocessing = 0;
		};
/* End PBXSourcesBuildPhase section */

/* Begin PBXTargetDependency section */
		B0A97DFD200181DD005EB4D1 /* PBXTargetDependency */ = {
			isa = PBXTargetDependency;
			target = B0A97DE6200181DD005EB4D1 /* piTts */;
			targetProxy = B0A97DFC200181DD005EB4D1 /* PBXContainerItemProxy */;
		};
		B0A97E08200181DD005EB4D1 /* PBXTargetDependency */ = {
			isa = PBXTargetDependency;
			target = B0A97DE6200181DD005EB4D1 /* piTts */;
			targetProxy = B0A97E07200181DD005EB4D1 /* PBXContainerItemProxy */;
		};
/* End PBXTargetDependency section */

/* Begin PBXVariantGroup section */
		B0A97DEE200181DD005EB4D1 /* Main.storyboard */ = {
			isa = PBXVariantGroup;
			children = (
				B0A97DEF200181DD005EB4D1 /* Base */,
			);
			name = Main.storyboard;
			sourceTree = "<group>";
		};
		B0A97DF3200181DD005EB4D1 /* LaunchScreen.storyboard */ = {
			isa = PBXVariantGroup;
			children = (
				B0A97DF4200181DD005EB4D1 /* Base */,
			);
			name = LaunchScreen.storyboard;
			sourceTree = "<group>";
		};
/* End PBXVariantGroup section */

/* Begin XCBuildConfiguration section */
		B0A97E0D200181DD005EB4D1 /* Debug */ = {
			isa = XCBuildConfiguration;
			buildSettings = {
				ALWAYS_SEARCH_USER_PATHS = NO;
				CLANG_ANALYZER_NONNULL = YES;
				CLANG_ANALYZER_NUMBER_OBJECT_CONVERSION = YES_AGGRESSIVE;
				CLANG_CXX_LANGUAGE_STANDARD = "gnu++14";
				CLANG_CXX_LIBRARY = "libc++";
				CLANG_ENABLE_MODULES = YES;
				CLANG_ENABLE_OBJC_ARC = YES;
				CLANG_WARN_BLOCK_CAPTURE_AUTORELEASING = YES;
				CLANG_WARN_BOOL_CONVERSION = YES;
				CLANG_WARN_COMMA = YES;
				CLANG_WARN_CONSTANT_CONVERSION = YES;
				CLANG_WARN_DIRECT_OBJC_ISA_USAGE = YES_ERROR;
				CLANG_WARN_DOCUMENTATION_COMMENTS = YES;
				CLANG_WARN_EMPTY_BODY = YES;
				CLANG_WARN_ENUM_CONVERSION = YES;
				CLANG_WARN_INFINITE_RECURSION = YES;
				CLANG_WARN_INT_CONVERSION = YES;
				CLANG_WARN_NON_LITERAL_NULL_CONVERSION = YES;
				CLANG_WARN_OBJC_LITERAL_CONVERSION = YES;
				CLANG_WARN_OBJC_ROOT_CLASS = YES_ERROR;
				CLANG_WARN_RANGE_LOOP_ANALYSIS = YES;
				CLANG_WARN_STRICT_PROTOTYPES = YES;
				CLANG_WARN_SUSPICIOUS_MOVE = YES;
				CLANG_WARN_UNGUARDED_AVAILABILITY = YES_AGGRESSIVE;
				CLANG_WARN_UNREACHABLE_CODE = YES;
				CLANG_WARN__DUPLICATE_METHOD_MATCH = YES;
				CODE_SIGN_IDENTITY = "iPhone Developer";
				COPY_PHASE_STRIP = NO;
				DEBUG_INFORMATION_FORMAT = dwarf;
				ENABLE_STRICT_OBJC_MSGSEND = YES;
				ENABLE_TESTABILITY = YES;
				GCC_C_LANGUAGE_STANDARD = gnu11;
				GCC_DYNAMIC_NO_PIC = NO;
				GCC_NO_COMMON_BLOCKS = YES;
				GCC_OPTIMIZATION_LEVEL = 0;
				GCC_PREPROCESSOR_DEFINITIONS = (
					"DEBUG=1",
					"$(inherited)",
				);
				GCC_WARN_64_TO_32_BIT_CONVERSION = YES;
				GCC_WARN_ABOUT_RETURN_TYPE = YES_ERROR;
				GCC_WARN_UNDECLARED_SELECTOR = YES;
				GCC_WARN_UNINITIALIZED_AUTOS = YES_AGGRESSIVE;
				GCC_WARN_UNUSED_FUNCTION = YES;
				GCC_WARN_UNUSED_VARIABLE = YES;
				IPHONEOS_DEPLOYMENT_TARGET = 11.2;
				MTL_ENABLE_DEBUG_INFO = YES;
				ONLY_ACTIVE_ARCH = YES;
				SDKROOT = iphoneos;
				SWIFT_ACTIVE_COMPILATION_CONDITIONS = DEBUG;
				SWIFT_OPTIMIZATION_LEVEL = "-Onone";
			};
			name = Debug;
		};
		B0A97E0E200181DD005EB4D1 /* Release */ = {
			isa = XCBuildConfiguration;
			buildSettings = {
				ALWAYS_SEARCH_USER_PATHS = NO;
				CLANG_ANALYZER_NONNULL = YES;
				CLANG_ANALYZER_NUMBER_OBJECT_CONVERSION = YES_AGGRESSIVE;
				CLANG_CXX_LANGUAGE_STANDARD = "gnu++14";
				CLANG_CXX_LIBRARY = "libc++";
				CLANG_ENABLE_MODULES = YES;
				CLANG_ENABLE_OBJC_ARC = YES;
				CLANG_WARN_BLOCK_CAPTURE_AUTORELEASING = YES;
				CLANG_WARN_BOOL_CONVERSION = YES;
				CLANG_WARN_COMMA = YES;
				CLANG_WARN_CONSTANT_CONVERSION = YES;
				CLANG_WARN_DIRECT_OBJC_ISA_USAGE = YES_ERROR;
				CLANG_WARN_DOCUMENTATION_COMMENTS = YES;
				CLANG_WARN_EMPTY_BODY = YES;
				CLANG_WARN_ENUM_CONVERSION = YES;
				CLANG_WARN_INFINITE_RECURSION = YES;
				CLANG_WARN_INT_CONVERSION = YES;
				CLANG_WARN_NON_LITERAL_NULL_CONVERSION = YES;
				CLANG_WARN_OBJC_LITERAL_CONVERSION = YES;
				CLANG_WARN_OBJC_ROOT_CLASS = YES_ERROR;
				CLANG_WARN_RANGE_LOOP_ANALYSIS = YES;
				CLANG_WARN_STRICT_PROTOTYPES = YES;
				CLANG_WARN_SUSPICIOUS_MOVE = YES;
				CLANG_WARN_UNGUARDED_AVAILABILITY = YES_AGGRESSIVE;
				CLANG_WARN_UNREACHABLE_CODE = YES;
				CLANG_WARN__DUPLICATE_METHOD_MATCH = YES;
				CODE_SIGN_IDENTITY = "iPhone Developer";
				COPY_PHASE_STRIP = NO;
				DEBUG_INFORMATION_FORMAT = "dwarf-with-dsym";
				ENABLE_NS_ASSERTIONS = NO;
				ENABLE_STRICT_OBJC_MSGSEND = YES;
				GCC_C_LANGUAGE_STANDARD = gnu11;
				GCC_NO_COMMON_BLOCKS = YES;
				GCC_WARN_64_TO_32_BIT_CONVERSION = YES;
				GCC_WARN_ABOUT_RETURN_TYPE = YES_ERROR;
				GCC_WARN_UNDECLARED_SELECTOR = YES;
				GCC_WARN_UNINITIALIZED_AUTOS = YES_AGGRESSIVE;
				GCC_WARN_UNUSED_FUNCTION = YES;
				GCC_WARN_UNUSED_VARIABLE = YES;
				IPHONEOS_DEPLOYMENT_TARGET = 11.2;
				MTL_ENABLE_DEBUG_INFO = NO;
				SDKROOT = iphoneos;
				SWIFT_OPTIMIZATION_LEVEL = "-Owholemodule";
				VALIDATE_PRODUCT = YES;
			};
			name = Release;
		};
		B0A97E10200181DD005EB4D1 /* Debug */ = {
			isa = XCBuildConfiguration;
			buildSettings = {
				ASSETCATALOG_COMPILER_APPICON_NAME = AppIcon;
				CODE_SIGN_STYLE = Automatic;
				DEVELOPMENT_TEAM = S73P2DMMH2;
				INFOPLIST_FILE = TAXi/Info.plist;
				LD_RUNPATH_SEARCH_PATHS = "$(inherited) @executable_path/Frameworks";
				PRODUCT_BUNDLE_IDENTIFIER = lq.TAXi;
				PRODUCT_NAME = "$(TARGET_NAME)";
				SWIFT_VERSION = 4.0;
				TARGETED_DEVICE_FAMILY = "1,2";
			};
			name = Debug;
		};
		B0A97E11200181DD005EB4D1 /* Release */ = {
			isa = XCBuildConfiguration;
			buildSettings = {
				ASSETCATALOG_COMPILER_APPICON_NAME = AppIcon;
				CODE_SIGN_STYLE = Automatic;
				DEVELOPMENT_TEAM = S73P2DMMH2;
				INFOPLIST_FILE = TAXi/Info.plist;
				LD_RUNPATH_SEARCH_PATHS = "$(inherited) @executable_path/Frameworks";
				PRODUCT_BUNDLE_IDENTIFIER = lq.TAXi;
				PRODUCT_NAME = "$(TARGET_NAME)";
				SWIFT_VERSION = 4.0;
				TARGETED_DEVICE_FAMILY = "1,2";
			};
			name = Release;
		};
		B0A97E13200181DD005EB4D1 /* Debug */ = {
			isa = XCBuildConfiguration;
			buildSettings = {
				ALWAYS_EMBED_SWIFT_STANDARD_LIBRARIES = YES;
				BUNDLE_LOADER = "$(TEST_HOST)";
				CODE_SIGN_STYLE = Automatic;
				DEVELOPMENT_TEAM = S73P2DMMH2;
				INFOPLIST_FILE = TAXiTests/Info.plist;
				LD_RUNPATH_SEARCH_PATHS = "$(inherited) @executable_path/Frameworks @loader_path/Frameworks";
				PRODUCT_BUNDLE_IDENTIFIER = lq.TAXiTests;
				PRODUCT_NAME = "$(TARGET_NAME)";
				SWIFT_VERSION = 4.0;
				TARGETED_DEVICE_FAMILY = "1,2";
				TEST_HOST = "$(BUILT_PRODUCTS_DIR)/piTts.app/piTts";
			};
			name = Debug;
		};
		B0A97E14200181DD005EB4D1 /* Release */ = {
			isa = XCBuildConfiguration;
			buildSettings = {
				ALWAYS_EMBED_SWIFT_STANDARD_LIBRARIES = YES;
				BUNDLE_LOADER = "$(TEST_HOST)";
				CODE_SIGN_STYLE = Automatic;
				DEVELOPMENT_TEAM = S73P2DMMH2;
				INFOPLIST_FILE = TAXiTests/Info.plist;
				LD_RUNPATH_SEARCH_PATHS = "$(inherited) @executable_path/Frameworks @loader_path/Frameworks";
				PRODUCT_BUNDLE_IDENTIFIER = lq.TAXiTests;
				PRODUCT_NAME = "$(TARGET_NAME)";
				SWIFT_VERSION = 4.0;
				TARGETED_DEVICE_FAMILY = "1,2";
				TEST_HOST = "$(BUILT_PRODUCTS_DIR)/piTts.app/piTts";
			};
			name = Release;
		};
		B0A97E16200181DD005EB4D1 /* Debug */ = {
			isa = XCBuildConfiguration;
			buildSettings = {
				ALWAYS_EMBED_SWIFT_STANDARD_LIBRARIES = YES;
				CODE_SIGN_STYLE = Automatic;
				DEVELOPMENT_TEAM = S73P2DMMH2;
				INFOPLIST_FILE = TAXiUITests/Info.plist;
				LD_RUNPATH_SEARCH_PATHS = "$(inherited) @executable_path/Frameworks @loader_path/Frameworks";
				PRODUCT_BUNDLE_IDENTIFIER = lq.TAXiUITests;
				PRODUCT_NAME = "$(TARGET_NAME)";
				SWIFT_VERSION = 4.0;
				TARGETED_DEVICE_FAMILY = "1,2";
				TEST_TARGET_NAME = TAXi;
			};
			name = Debug;
		};
		B0A97E17200181DD005EB4D1 /* Release */ = {
			isa = XCBuildConfiguration;
			buildSettings = {
				ALWAYS_EMBED_SWIFT_STANDARD_LIBRARIES = YES;
				CODE_SIGN_STYLE = Automatic;
				DEVELOPMENT_TEAM = S73P2DMMH2;
				INFOPLIST_FILE = TAXiUITests/Info.plist;
				LD_RUNPATH_SEARCH_PATHS = "$(inherited) @executable_path/Frameworks @loader_path/Frameworks";
				PRODUCT_BUNDLE_IDENTIFIER = lq.TAXiUITests;
				PRODUCT_NAME = "$(TARGET_NAME)";
				SWIFT_VERSION = 4.0;
				TARGETED_DEVICE_FAMILY = "1,2";
				TEST_TARGET_NAME = TAXi;
			};
			name = Release;
		};
/* End XCBuildConfiguration section */

/* Begin XCConfigurationList section */
		B0A97DE2200181DD005EB4D1 /* Build configuration list for PBXProject "piTts" */ = {
			isa = XCConfigurationList;
			buildConfigurations = (
				B0A97E0D200181DD005EB4D1 /* Debug */,
				B0A97E0E200181DD005EB4D1 /* Release */,
			);
			defaultConfigurationIsVisible = 0;
			defaultConfigurationName = Release;
		};
		B0A97E0F200181DD005EB4D1 /* Build configuration list for PBXNativeTarget "piTts" */ = {
			isa = XCConfigurationList;
			buildConfigurations = (
				B0A97E10200181DD005EB4D1 /* Debug */,
				B0A97E11200181DD005EB4D1 /* Release */,
			);
			defaultConfigurationIsVisible = 0;
			defaultConfigurationName = Release;
		};
		B0A97E12200181DD005EB4D1 /* Build configuration list for PBXNativeTarget "piTtsTests" */ = {
			isa = XCConfigurationList;
			buildConfigurations = (
				B0A97E13200181DD005EB4D1 /* Debug */,
				B0A97E14200181DD005EB4D1 /* Release */,
			);
			defaultConfigurationIsVisible = 0;
			defaultConfigurationName = Release;
		};
		B0A97E15200181DD005EB4D1 /* Build configuration list for PBXNativeTarget "piTtsUITests" */ = {
			isa = XCConfigurationList;
			buildConfigurations = (
				B0A97E16200181DD005EB4D1 /* Debug */,
				B0A97E17200181DD005EB4D1 /* Release */,
			);
			defaultConfigurationIsVisible = 0;
			defaultConfigurationName = Release;
		};
/* End XCConfigurationList section */
	};
	rootObject = B0A97DDF200181DD005EB4D1 /* Project object */;
}
